
Microsoft Visual Studio Solution File, Format Version 11.00
# Visual Studio 2010
Project("{FAE04EC0-301F-11D3-BF4B-00C04F79EFBC}") = "10264-03", "10264-03\10264-03.csproj", "{F0D2772F-4B38-47DD-A215-5E372AAEBE68}"
EndProject
Project("{FAE04EC0-301F-11D3-BF4B-00C04F79EFBC}") = "001-MVCModel", "001-MVCModel\001-MVCModel.csproj", "{80B49F5D-7585-47FE-BEDF-B9743BE3339B}"
EndProject
Project("{FAE04EC0-301F-11D3-BF4B-00C04F79EFBC}") = "002-ActiveRecordPattern", "002-ActiveRecordPattern\002-ActiveRecordPattern.csproj", "{0DFDE230-44BF-409F-B273-C8B1FA5F62A4}"
EndProject
Project("{FAE04EC0-301F-11D3-BF4B-00C04F79EFBC}") = "003-DataMapperPattern", "003-DataMapperPattern\003-DataMapperPattern.csproj", "{A3E053EA-40BD-49CC-8DD9-A7E653E1682B}"
EndProject
Project("{FAE04EC0-301F-11D3-BF4B-00C04F79EFBC}") = "004-RepositoryPattern", "004-RepositoryPattern\004-RepositoryPattern.csproj", "{17ED0C35-700B-4C07-8DE9-6FD9B615EBD5}"
EndProject
Project("{FAE04EC0-301F-11D3-BF4B-00C04F79EFBC}") = "005-ExtendingModelClass", "005-ExtendingModelClass\005-ExtendingModelClass.csproj", "{F1BADFDE-FA99-4AC4-A365-E56F891E8B19}"
EndProject
Global
	GlobalSection(SolutionConfigurationPlatforms) = preSolution
		Debug|Any CPU = Debug|Any CPU
		Debug|Mixed Platforms = Debug|Mixed Platforms
		Debug|x86 = Debug|x86
		Release|Any CPU = Release|Any CPU
		Release|Mixed Platforms = Release|Mixed Platforms
		Release|x86 = Release|x86
	EndGlobalSection
	GlobalSection(ProjectConfigurationPlatforms) = postSolution
		{F0D2772F-4B38-47DD-A215-5E372AAEBE68}.Debug|Any CPU.ActiveCfg = Debug|x86
		{F0D2772F-4B38-47DD-A215-5E372AAEBE68}.Debug|Mixed Platforms.ActiveCfg = Debug|x86
		{F0D2772F-4B38-47DD-A215-5E372AAEBE68}.Debug|Mixed Platforms.Build.0 = Debug|x86
		{F0D2772F-4B38-47DD-A215-5E372AAEBE68}.Debug|x86.ActiveCfg = Debug|x86
		{F0D2772F-4B38-47DD-A215-5E372AAEBE68}.Debug|x86.Build.0 = Debug|x86
		{F0D2772F-4B38-47DD-A215-5E372AAEBE68}.Release|Any CPU.ActiveCfg = Release|x86
		{F0D2772F-4B38-47DD-A215-5E372AAEBE68}.Release|Mixed Platforms.ActiveCfg = Release|x86
		{F0D2772F-4B38-47DD-A215-5E372AAEBE68}.Release|Mixed Platforms.Build.0 = Release|x86
		{F0D2772F-4B38-47DD-A215-5E372AAEBE68}.Release|x86.ActiveCfg = Release|x86
		{F0D2772F-4B38-47DD-A215-5E372AAEBE68}.Release|x86.Build.0 = Release|x86
		{80B49F5D-7585-47FE-BEDF-B9743BE3339B}.Debug|Any CPU.ActiveCfg = Debug|Any CPU
		{80B49F5D-7585-47FE-BEDF-B9743BE3339B}.Debug|Any CPU.Build.0 = Debug|Any CPU
		{80B49F5D-7585-47FE-BEDF-B9743BE3339B}.Debug|Mixed Platforms.ActiveCfg = Debug|Any CPU
		{80B49F5D-7585-47FE-BEDF-B9743BE3339B}.Debug|Mixed Platforms.Build.0 = Debug|Any CPU
		{80B49F5D-7585-47FE-BEDF-B9743BE3339B}.Debug|x86.ActiveCfg = Debug|Any CPU
		{80B49F5D-7585-47FE-BEDF-B9743BE3339B}.Release|Any CPU.ActiveCfg = Release|Any CPU
		{80B49F5D-7585-47FE-BEDF-B9743BE3339B}.Release|Any CPU.Build.0 = Release|Any CPU
		{80B49F5D-7585-47FE-BEDF-B9743BE3339B}.Release|Mixed Platforms.ActiveCfg = Release|Any CPU
		{80B49F5D-7585-47FE-BEDF-B9743BE3339B}.Release|Mixed Platforms.Build.0 = Release|Any CPU
		{80B49F5D-7585-47FE-BEDF-B9743BE3339B}.Release|x86.ActiveCfg = Release|Any CPU
		{0DFDE230-44BF-409F-B273-C8B1FA5F62A4}.Debug|Any CPU.ActiveCfg = Debug|Any CPU
		{0DFDE230-44BF-409F-B273-C8B1FA5F62A4}.Debug|Any CPU.Build.0 = Debug|Any CPU
		{0DFDE230-44BF-409F-B273-C8B1FA5F62A4}.Debug|Mixed Platforms.ActiveCfg = Debug|Any CPU
		{0DFDE230-44BF-409F-B273-C8B1FA5F62A4}.Debug|Mixed Platforms.Build.0 = Debug|Any CPU
		{0DFDE230-44BF-409F-B273-C8B1FA5F62A4}.Debug|x86.ActiveCfg = Debug|Any CPU
		{0DFDE230-44BF-409F-B273-C8B1FA5F62A4}.Release|Any CPU.ActiveCfg = Release|Any CPU
		{0DFDE230-44BF-409F-B273-C8B1FA5F62A4}.Release|Any CPU.Build.0 = Release|Any CPU
		{0DFDE230-44BF-409F-B273-C8B1FA5F62A4}.Release|Mixed Platforms.ActiveCfg = Release|Any CPU
		{0DFDE230-44BF-409F-B273-C8B1FA5F62A4}.Release|Mixed Platforms.Build.0 = Release|Any CPU
		{0DFDE230-44BF-409F-B273-C8B1FA5F62A4}.Release|x86.ActiveCfg = Release|Any CPU
		{A3E053EA-40BD-49CC-8DD9-A7E653E1682B}.Debug|Any CPU.ActiveCfg = Debug|Any CPU
		{A3E053EA-40BD-49CC-8DD9-A7E653E1682B}.Debug|Any CPU.Build.0 = Debug|Any CPU
		{A3E053EA-40BD-49CC-8DD9-A7E653E1682B}.Debug|Mixed Platforms.ActiveCfg = Debug|Any CPU
		{A3E053EA-40BD-49CC-8DD9-A7E653E1682B}.Debug|Mixed Platforms.Build.0 = Debug|Any CPU
		{A3E053EA-40BD-49CC-8DD9-A7E653E1682B}.Debug|x86.ActiveCfg = Debug|Any CPU
		{A3E053EA-40BD-49CC-8DD9-A7E653E1682B}.Release|Any CPU.ActiveCfg = Release|Any CPU
		{A3E053EA-40BD-49CC-8DD9-A7E653E1682B}.Release|Any CPU.Build.0 = Release|Any CPU
		{A3E053EA-40BD-49CC-8DD9-A7E653E1682B}.Release|Mixed Platforms.ActiveCfg = Release|Any CPU
		{A3E053EA-40BD-49CC-8DD9-A7E653E1682B}.Release|Mixed Platforms.Build.0 = Release|Any CPU
		{A3E053EA-40BD-49CC-8DD9-A7E653E1682B}.Release|x86.ActiveCfg = Release|Any CPU
		{17ED0C35-700B-4C07-8DE9-6FD9B615EBD5}.Debug|Any CPU.ActiveCfg = Debug|Any CPU
		{17ED0C35-700B-4C07-8DE9-6FD9B615EBD5}.Debug|Any CPU.Build.0 = Debug|Any CPU
		{17ED0C35-700B-4C07-8DE9-6FD9B615EBD5}.Debug|Mixed Platforms.ActiveCfg = Debug|Any CPU
		{17ED0C35-700B-4C07-8DE9-6FD9B615EBD5}.Debug|Mixed Platforms.Build.0 = Debug|Any CPU
		{17ED0C35-700B-4C07-8DE9-6FD9B615EBD5}.Debug|x86.ActiveCfg = Debug|Any CPU
		{17ED0C35-700B-4C07-8DE9-6FD9B615EBD5}.Release|Any CPU.ActiveCfg = Release|Any CPU
		{17ED0C35-700B-4C07-8DE9-6FD9B615EBD5}.Release|Any CPU.Build.0 = Release|Any CPU
		{17ED0C35-700B-4C07-8DE9-6FD9B615EBD5}.Release|Mixed Platforms.ActiveCfg = Release|Any CPU
		{17ED0C35-700B-4C07-8DE9-6FD9B615EBD5}.Release|Mixed Platforms.Build.0 = Release|Any CPU
		{17ED0C35-700B-4C07-8DE9-6FD9B615EBD5}.Release|x86.ActiveCfg = Release|Any CPU
		{F1BADFDE-FA99-4AC4-A365-E56F891E8B19}.Debug|Any CPU.ActiveCfg = Debug|Any CPU
		{F1BADFDE-FA99-4AC4-A365-E56F891E8B19}.Debug|Any CPU.Build.0 = Debug|Any CPU
		{F1BADFDE-FA99-4AC4-A365-E56F891E8B19}.Debug|Mixed Platforms.ActiveCfg = Debug|Any CPU
		{F1BADFDE-FA99-4AC4-A365-E56F891E8B19}.Debug|Mixed Platforms.Build.0 = Debug|Any CPU
		{F1BADFDE-FA99-4AC4-A365-E56F891E8B19}.Debug|x86.ActiveCfg = Debug|Any CPU
		{F1BADFDE-FA99-4AC4-A365-E56F891E8B19}.Release|Any CPU.ActiveCfg = Release|Any CPU
		{F1BADFDE-FA99-4AC4-A365-E56F891E8B19}.Release|Any CPU.Build.0 = Release|Any CPU
		{F1BADFDE-FA99-4AC4-A365-E56F891E8B19}.Release|Mixed Platforms.ActiveCfg = Release|Any CPU
		{F1BADFDE-FA99-4AC4-A365-E56F891E8B19}.Release|Mixed Platforms.Build.0 = Release|Any CPU
		{F1BADFDE-FA99-4AC4-A365-E56F891E8B19}.Release|x86.ActiveCfg = Release|Any CPU
	EndGlobalSection
	GlobalSection(SolutionProperties) = preSolution
		HideSolutionNode = FALSE
	EndGlobalSection
EndGlobal
